github.com/d5/tengo/v2 v2.13.0 h1:4pZ5mR4vjOejpp+PMeIMpjZdObK7iwWoLTpVyhT+0Jk=
github.com/d5/tengo/v2 v2.13.0/go.mod h1:XRGjEs5I9jYIKTxly6HCF8oiiilk5E/RYXOZ5b0DZC8=
github.com/samjin-berkeley/Go-dev v0.1.0 h1:AUe5g9KIN9RR6uiJpqhbC7t+BWcavwf9iBzj39IXKEw=
github.com/samjin-berkeley/Go-dev v0.1.0/go.mod h1:OTdJFkro4NU/4cEr4ks6eNaovvmDnia7jIa8jiSn0fE=
